
Microsoft Visual Studio Solution File, Format Version 12.00
# Visual Studio Version 16
VisualStudioVersion = 16.0.31129.286
MinimumVisualStudioVersion = 10.0.40219.1
Project("{FAE04EC0-301F-11D3-BF4B-00C04F79EFBC}") = "FirstMVCMovie", "FirstMVCMovie\FirstMVCMovie.csproj", "{A5828C0C-26C1-46AB-9A8A-D94D694322DE}"
EndProject
Global
	GlobalSection(SolutionConfigurationPlatforms) = preSolution
		Debug|Any CPU = Debug|Any CPU
		Release|Any CPU = Release|Any CPU
	EndGlobalSection
	GlobalSection(ProjectConfigurationPlatforms) = postSolution
		{A5828C0C-26C1-46AB-9A8A-D94D694322DE}.Debug|Any CPU.ActiveCfg = Debug|Any CPU
		{A5828C0C-26C1-46AB-9A8A-D94D694322DE}.Debug|Any CPU.Build.0 = Debug|Any CPU
		{A5828C0C-26C1-46AB-9A8A-D94D694322DE}.Release|Any CPU.ActiveCfg = Release|Any CPU
		{A5828C0C-26C1-46AB-9A8A-D94D694322DE}.Release|Any CPU.Build.0 = Release|Any CPU
	EndGlobalSection
	GlobalSection(SolutionProperties) = preSolution
		HideSolutionNode = FALSE
	EndGlobalSection
	GlobalSection(ExtensibilityGlobals) = postSolution
		SolutionGuid = {820BD144-D3A5-43E5-9E2B-680C339AABE5}
	EndGlobalSection
EndGlobal
