
Microsoft Visual Studio Solution File, Format Version 12.00
# Visual Studio Version 16
VisualStudioVersion = 16.0.31129.286
MinimumVisualStudioVersion = 10.0.40219.1
Project("{9A19103F-16F7-4668-BE54-9A1E7A4F7556}") = "ContasoCraftsWebSite", "ContasoCraftsWebSite\ContasoCraftsWebSite.csproj", "{73F23EE3-5B0A-4CFA-9D95-0D095493AE22}"
EndProject
Global
	GlobalSection(SolutionConfigurationPlatforms) = preSolution
		Debug|Any CPU = Debug|Any CPU
		Release|Any CPU = Release|Any CPU
	EndGlobalSection
	GlobalSection(ProjectConfigurationPlatforms) = postSolution
		{73F23EE3-5B0A-4CFA-9D95-0D095493AE22}.Debug|Any CPU.ActiveCfg = Debug|Any CPU
		{73F23EE3-5B0A-4CFA-9D95-0D095493AE22}.Debug|Any CPU.Build.0 = Debug|Any CPU
		{73F23EE3-5B0A-4CFA-9D95-0D095493AE22}.Release|Any CPU.ActiveCfg = Release|Any CPU
		{73F23EE3-5B0A-4CFA-9D95-0D095493AE22}.Release|Any CPU.Build.0 = Release|Any CPU
	EndGlobalSection
	GlobalSection(SolutionProperties) = preSolution
		HideSolutionNode = FALSE
	EndGlobalSection
	GlobalSection(ExtensibilityGlobals) = postSolution
		SolutionGuid = {73A591CC-8954-421C-9E0F-FA17D40AC3E4}
	EndGlobalSection
EndGlobal
